
Microsoft Visual Studio Solution File, Format Version 12.00
# Visual Studio Version 17
VisualStudioVersion = 17.9.34622.214
MinimumVisualStudioVersion = 10.0.40219.1
Project("{FAE04EC0-301F-11D3-BF4B-00C04F79EFBC}") = "Login Menu Form", "Login Menu Form\Login Menu Form.csproj", "{54D76E10-4D7E-4BCB-94FD-40EDCAB494B2}"
EndProject
Global
	GlobalSection(SolutionConfigurationPlatforms) = preSolution
		Debug|Any CPU = Debug|Any CPU
		Release|Any CPU = Release|Any CPU
	EndGlobalSection
	GlobalSection(ProjectConfigurationPlatforms) = postSolution
		{54D76E10-4D7E-4BCB-94FD-40EDCAB494B2}.Debug|Any CPU.ActiveCfg = Debug|Any CPU
		{54D76E10-4D7E-4BCB-94FD-40EDCAB494B2}.Debug|Any CPU.Build.0 = Debug|Any CPU
		{54D76E10-4D7E-4BCB-94FD-40EDCAB494B2}.Release|Any CPU.ActiveCfg = Release|Any CPU
		{54D76E10-4D7E-4BCB-94FD-40EDCAB494B2}.Release|Any CPU.Build.0 = Release|Any CPU
	EndGlobalSection
	GlobalSection(SolutionProperties) = preSolution
		HideSolutionNode = FALSE
	EndGlobalSection
	GlobalSection(ExtensibilityGlobals) = postSolution
		SolutionGuid = {33E61006-FFDF-4781-A8C5-9F978F29445D}
	EndGlobalSection
EndGlobal
